
Microsoft Visual Studio Solution File, Format Version 12.00
# Visual Studio Version 17
VisualStudioVersion = 17.2.32630.192
MinimumVisualStudioVersion = 10.0.40219.1
Project("{FAE04EC0-301F-11D3-BF4B-00C04F79EFBC}") = "Source", "Source.csproj", "{AFDEC06A-2E7D-4BDA-B670-12BC07E8B489}"
EndProject
Global
	GlobalSection(SolutionConfigurationPlatforms) = preSolution
		Debug|Any CPU = Debug|Any CPU
		Release|Any CPU = Release|Any CPU
		v13|Any CPU = v13|Any CPU
		v14|Any CPU = v14|Any CPU
	EndGlobalSection
	GlobalSection(ProjectConfigurationPlatforms) = postSolution
		{AFDEC06A-2E7D-4BDA-B670-12BC07E8B489}.Debug|Any CPU.ActiveCfg = Debug|Any CPU
		{AFDEC06A-2E7D-4BDA-B670-12BC07E8B489}.Debug|Any CPU.Build.0 = Debug|Any CPU
		{AFDEC06A-2E7D-4BDA-B670-12BC07E8B489}.Release|Any CPU.ActiveCfg = Release|Any CPU
		{AFDEC06A-2E7D-4BDA-B670-12BC07E8B489}.Release|Any CPU.Build.0 = Release|Any CPU
		{AFDEC06A-2E7D-4BDA-B670-12BC07E8B489}.v13|Any CPU.ActiveCfg = v13|Any CPU
		{AFDEC06A-2E7D-4BDA-B670-12BC07E8B489}.v13|Any CPU.Build.0 = v13|Any CPU
		{AFDEC06A-2E7D-4BDA-B670-12BC07E8B489}.v14|Any CPU.ActiveCfg = v14|Any CPU
		{AFDEC06A-2E7D-4BDA-B670-12BC07E8B489}.v14|Any CPU.Build.0 = v14|Any CPU
	EndGlobalSection
	GlobalSection(SolutionProperties) = preSolution
		HideSolutionNode = FALSE
	EndGlobalSection
	GlobalSection(ExtensibilityGlobals) = postSolution
		SolutionGuid = {050A1985-7EE2-457B-86A7-2B63AE5ED4F2}
	EndGlobalSection
EndGlobal
